
Microsoft Visual Studio Solution File, Format Version 12.00
# Visual Studio Version 17
VisualStudioVersion = 17.3.32929.385
MinimumVisualStudioVersion = 10.0.40219.1
Project("{9A19103F-16F7-4668-BE54-9A1E7A4F7556}") = "SocialApp.API.WebAPI", "IoIS_api\SocialApp.API.WebAPI.csproj", "{8485127E-20D6-4201-B99A-81883094B62F}"
EndProject
Project("{FAE04EC0-301F-11D3-BF4B-00C04F79EFBC}") = "SocialApp.Common", "SocialApp.Common\SocialApp.Common.csproj", "{035FE376-9EA5-4716-974D-024E7FE7EEFF}"
EndProject
Global
	GlobalSection(SolutionConfigurationPlatforms) = preSolution
		Debug|Any CPU = Debug|Any CPU
		Release|Any CPU = Release|Any CPU
	EndGlobalSection
	GlobalSection(ProjectConfigurationPlatforms) = postSolution
		{8485127E-20D6-4201-B99A-81883094B62F}.Debug|Any CPU.ActiveCfg = Debug|Any CPU
		{8485127E-20D6-4201-B99A-81883094B62F}.Debug|Any CPU.Build.0 = Debug|Any CPU
		{8485127E-20D6-4201-B99A-81883094B62F}.Release|Any CPU.ActiveCfg = Release|Any CPU
		{8485127E-20D6-4201-B99A-81883094B62F}.Release|Any CPU.Build.0 = Release|Any CPU
		{035FE376-9EA5-4716-974D-024E7FE7EEFF}.Debug|Any CPU.ActiveCfg = Debug|Any CPU
		{035FE376-9EA5-4716-974D-024E7FE7EEFF}.Debug|Any CPU.Build.0 = Debug|Any CPU
		{035FE376-9EA5-4716-974D-024E7FE7EEFF}.Release|Any CPU.ActiveCfg = Release|Any CPU
		{035FE376-9EA5-4716-974D-024E7FE7EEFF}.Release|Any CPU.Build.0 = Release|Any CPU
	EndGlobalSection
	GlobalSection(SolutionProperties) = preSolution
		HideSolutionNode = FALSE
	EndGlobalSection
	GlobalSection(ExtensibilityGlobals) = postSolution
		SolutionGuid = {85FDD938-F6E7-4A4D-94ED-58BABAAEF7EB}
	EndGlobalSection
EndGlobal
